
Microsoft Visual Studio Solution File, Format Version 12.00
# Visual Studio Version 16
VisualStudioVersion = 16.0.33328.57
MinimumVisualStudioVersion = 10.0.40219.1
Project("{FAE04EC0-301F-11D3-BF4B-00C04F79EFBC}") = "QUANLINHKIENDT", "QUANLINHKIENDT\QUANLINHKIENDT.csproj", "{64989FD0-E486-453C-959A-DF4F085297E6}"
EndProject
Global
	GlobalSection(SolutionConfigurationPlatforms) = preSolution
		Debug|Any CPU = Debug|Any CPU
		Release|Any CPU = Release|Any CPU
	EndGlobalSection
	GlobalSection(ProjectConfigurationPlatforms) = postSolution
		{64989FD0-E486-453C-959A-DF4F085297E6}.Debug|Any CPU.ActiveCfg = Debug|Any CPU
		{64989FD0-E486-453C-959A-DF4F085297E6}.Debug|Any CPU.Build.0 = Debug|Any CPU
		{64989FD0-E486-453C-959A-DF4F085297E6}.Release|Any CPU.ActiveCfg = Release|Any CPU
		{64989FD0-E486-453C-959A-DF4F085297E6}.Release|Any CPU.Build.0 = Release|Any CPU
	EndGlobalSection
	GlobalSection(SolutionProperties) = preSolution
		HideSolutionNode = FALSE
	EndGlobalSection
	GlobalSection(ExtensibilityGlobals) = postSolution
		SolutionGuid = {AE829C99-4963-4E8E-980E-5E8893A2EF15}
	EndGlobalSection
EndGlobal
